
Microsoft Visual Studio Solution File, Format Version 12.00
# Visual Studio Version 17
VisualStudioVersion = 17.4.33213.308
MinimumVisualStudioVersion = 10.0.40219.1
Project("{FAE04EC0-301F-11D3-BF4B-00C04F79EFBC}") = "Uqs.Arithmetic", "Uqs.Arithmetic\Uqs.Arithmetic.csproj", "{1113842C-F827-4CEC-A10D-58373A6B1334}"
EndProject
Project("{FAE04EC0-301F-11D3-BF4B-00C04F79EFBC}") = "Uqs.Arithmetic.Tests.Unit", "Uqs.Arithmetic.Tests.Unit\Uqs.Arithmetic.Tests.Unit.csproj", "{D81B427D-272B-4E30-B450-B207C0015C9B}"
EndProject
Global
	GlobalSection(SolutionConfigurationPlatforms) = preSolution
		Debug|Any CPU = Debug|Any CPU
		Release|Any CPU = Release|Any CPU
	EndGlobalSection
	GlobalSection(ProjectConfigurationPlatforms) = postSolution
		{1113842C-F827-4CEC-A10D-58373A6B1334}.Debug|Any CPU.ActiveCfg = Debug|Any CPU
		{1113842C-F827-4CEC-A10D-58373A6B1334}.Debug|Any CPU.Build.0 = Debug|Any CPU
		{1113842C-F827-4CEC-A10D-58373A6B1334}.Release|Any CPU.ActiveCfg = Release|Any CPU
		{1113842C-F827-4CEC-A10D-58373A6B1334}.Release|Any CPU.Build.0 = Release|Any CPU
		{D81B427D-272B-4E30-B450-B207C0015C9B}.Debug|Any CPU.ActiveCfg = Debug|Any CPU
		{D81B427D-272B-4E30-B450-B207C0015C9B}.Debug|Any CPU.Build.0 = Debug|Any CPU
		{D81B427D-272B-4E30-B450-B207C0015C9B}.Release|Any CPU.ActiveCfg = Release|Any CPU
		{D81B427D-272B-4E30-B450-B207C0015C9B}.Release|Any CPU.Build.0 = Release|Any CPU
	EndGlobalSection
	GlobalSection(SolutionProperties) = preSolution
		HideSolutionNode = FALSE
	EndGlobalSection
	GlobalSection(ExtensibilityGlobals) = postSolution
		SolutionGuid = {6ECADEC0-4AC2-493F-9FCA-5FBDD0DB5BBC}
	EndGlobalSection
EndGlobal
